Microsoft Visual Studio Solution File, Format Version 12.00
# Visual Studio 15
VisualStudioVersion = 15.0.28307.902
MinimumVisualStudioVersion = 10.0.40219.1
Project("{8BC9CEB8-8B4A-11D0-8D11-00A0C91BC942}") = "Polish_Notation_Translater(Console)", "Polish_Notation_Translater(Console)\Polish_Notation_Translater(Console).vcxproj", "{E63FCF75-8B68-420A-B06F-217AA60D02D8}"
EndProject
Project("{8BC9CEB8-8B4A-11D0-8D11-00A0C91BC942}") = "NativeUnitTest(overall)", "NativeUnitTest(overall)\NativeUnitTest(overall).vcxproj", "{100733F5-4E95-4A60-9D00-360FAC90C418}"
EndProject
Global
	GlobalSection(SolutionConfigurationPlatforms) = preSolution
		Debug|x64 = Debug|x64
		Debug|x86 = Debug|x86
		Release|x64 = Release|x64
		Release|x86 = Release|x86
	EndGlobalSection
	GlobalSection(ProjectConfigurationPlatforms) = postSolution
		{E63FCF75-8B68-420A-B06F-217AA60D02D8}.Debug|x64.ActiveCfg = Debug|x64
		{E63FCF75-8B68-420A-B06F-217AA60D02D8}.Debug|x64.Build.0 = Debug|x64
		{E63FCF75-8B68-420A-B06F-217AA60D02D8}.Debug|x86.ActiveCfg = Debug|Win32
		{E63FCF75-8B68-420A-B06F-217AA60D02D8}.Debug|x86.Build.0 = Debug|Win32
		{E63FCF75-8B68-420A-B06F-217AA60D02D8}.Release|x64.ActiveCfg = Release|x64
		{E63FCF75-8B68-420A-B06F-217AA60D02D8}.Release|x64.Build.0 = Release|x64
		{E63FCF75-8B68-420A-B06F-217AA60D02D8}.Release|x86.ActiveCfg = Release|Win32
		{E63FCF75-8B68-420A-B06F-217AA60D02D8}.Release|x86.Build.0 = Release|Win32
		{100733F5-4E95-4A60-9D00-360FAC90C418}.Debug|x64.ActiveCfg = Debug|x64
		{100733F5-4E95-4A60-9D00-360FAC90C418}.Debug|x64.Build.0 = Debug|x64
		{100733F5-4E95-4A60-9D00-360FAC90C418}.Debug|x86.ActiveCfg = Debug|Win32
		{100733F5-4E95-4A60-9D00-360FAC90C418}.Debug|x86.Build.0 = Debug|Win32
		{100733F5-4E95-4A60-9D00-360FAC90C418}.Release|x64.ActiveCfg = Release|x64
		{100733F5-4E95-4A60-9D00-360FAC90C418}.Release|x64.Build.0 = Release|x64
		{100733F5-4E95-4A60-9D00-360FAC90C418}.Release|x86.ActiveCfg = Release|Win32
		{100733F5-4E95-4A60-9D00-360FAC90C418}.Release|x86.Build.0 = Release|Win32
	EndGlobalSection
	GlobalSection(SolutionProperties) = preSolution
		HideSolutionNode = FALSE
	EndGlobalSection
	GlobalSection(ExtensibilityGlobals) = postSolution
		SolutionGuid = {C3DCCFCF-8E0A-469D-A7E7-F08BD2DEF58B}
	EndGlobalSection
EndGlobal
